
Microsoft Visual Studio Solution File, Format Version 12.00
Project("{FAE04EC0-301F-11D3-BF4B-00C04F79EFBC}") = "Packer", "Packer\Packer.csproj", "{224ED3A9-7165-4F69-A92D-C959FA8F4B79}"
EndProject
Global
	GlobalSection(SolutionConfigurationPlatforms) = preSolution
		Debug|Any CPU = Debug|Any CPU
		Release|Any CPU = Release|Any CPU
	EndGlobalSection
	GlobalSection(ProjectConfigurationPlatforms) = postSolution
		{224ED3A9-7165-4F69-A92D-C959FA8F4B79}.Debug|Any CPU.ActiveCfg = Debug|Any CPU
		{224ED3A9-7165-4F69-A92D-C959FA8F4B79}.Debug|Any CPU.Build.0 = Debug|Any CPU
		{224ED3A9-7165-4F69-A92D-C959FA8F4B79}.Release|Any CPU.ActiveCfg = Release|Any CPU
		{224ED3A9-7165-4F69-A92D-C959FA8F4B79}.Release|Any CPU.Build.0 = Release|Any CPU
	EndGlobalSection
EndGlobal
